// !$*UTF8*$!
{
	archiveVersion = 1;
	classes = {
	};
	objectVersion = 56;
	objects = {

/* Begin PBXBuildFile section */
		CEACF0A82AB33A6E00DAE05A /* BLEPeripheralView.swift in Sources */ = {isa = PBXBuildFile; fileRef = CEACF0A72AB33A6E00DAE05A /* BLEPeripheralView.swift */; };
		CEACF0AA2AB33B6100DAE05A /* BLEPeripheral.swift in Sources */ = {isa = PBXBuildFile; fileRef = CEACF0A92AB33B6100DAE05A /* BLEPeripheral.swift */; };
		CEC33AA32AA8B85300D49CC1 /* CB4UNativeAppApp.swift in Sources */ = {isa = PBXBuildFile; fileRef = CEC33AA22AA8B85300D49CC1 /* CB4UNativeAppApp.swift */; };
		CEC33AA52AA8B85300D49CC1 /* ContentView.swift in Sources */ = {isa = PBXBuildFile; fileRef = CEC33AA42AA8B85300D49CC1 /* ContentView.swift */; };
		CEC33AA72AA8B85400D49CC1 /* Assets.xcassets in Resources */ = {isa = PBXBuildFile; fileRef = CEC33AA62AA8B85400D49CC1 /* Assets.xcassets */; };
		CEC33AAA2AA8B85400D49CC1 /* Preview Assets.xcassets in Resources */ = {isa = PBXBuildFile; fileRef = CEC33AA92AA8B85400D49CC1 /* Preview Assets.xcassets */; };
		CED9AC7E2AA8B96800755CF9 /* CoreBluetoothForUnity in Frameworks */ = {isa = PBXBuildFile; productRef = CED9AC7D2AA8B96800755CF9 /* CoreBluetoothForUnity */; };
/* End PBXBuildFile section */

/* Begin PBXFileReference section */
		CEACF0A72AB33A6E00DAE05A /* BLEPeripheralView.swift */ = {isa = PBXFileReference; lastKnownFileType = sourcecode.swift; path = BLEPeripheralView.swift; sourceTree = "<group>"; };
		CEACF0A92AB33B6100DAE05A /* BLEPeripheral.swift */ = {isa = PBXFileReference; lastKnownFileType = sourcecode.swift; path = BLEPeripheral.swift; sourceTree = "<group>"; };
		CEC33A9F2AA8B85300D49CC1 /* CB4UNativeApp.app */ = {isa = PBXFileReference; explicitFileType = wrapper.application; includeInIndex = 0; path = CB4UNativeApp.app; sourceTree = BUILT_PRODUCTS_DIR; };
		CEC33AA22AA8B85300D49CC1 /* CB4UNativeAppApp.swift */ = {isa = PBXFileReference; lastKnownFileType = sourcecode.swift; path = CB4UNativeAppApp.swift; sourceTree = "<group>"; };
		CEC33AA42AA8B85300D49CC1 /* ContentView.swift */ = {isa = PBXFileReference; lastKnownFileType = sourcecode.swift; path = ContentView.swift; sourceTree = "<group>"; };
		CEC33AA62AA8B85400D49CC1 /* Assets.xcassets */ = {isa = PBXFileReference; lastKnownFileType = folder.assetcatalog; path = Assets.xcassets; sourceTree = "<group>"; };
		CEC33AA92AA8B85400D49CC1 /* Preview Assets.xcassets */ = {isa = PBXFileReference; lastKnownFileType = folder.assetcatalog; path = "Preview Assets.xcassets"; sourceTree = "<group>"; };
/* End PBXFileReference section */

/* Begin PBXFrameworksBuildPhase section */
		CEC33A9C2AA8B85300D49CC1 /* Frameworks */ = {
			isa = PBXFrameworksBuildPhase;
			buildActionMask = 2147483647;
			files = (
				CED9AC7E2AA8B96800755CF9 /* CoreBluetoothForUnity in Frameworks */,
			);
			runOnlyForDeploymentPostprocessing = 0;
		};
/* End PBXFrameworksBuildPhase section */

/* Begin PBXGroup section */
		CEC33A962AA8B85300D49CC1 = {
			isa = PBXGroup;
			children = (
				CEC33AA12AA8B85300D49CC1 /* CB4UNativeApp */,
				CEC33AA02AA8B85300D49CC1 /* Products */,
				CED9AC7C2AA8B96800755CF9 /* Frameworks */,
			);
			sourceTree = "<group>";
		};
		CEC33AA02AA8B85300D49CC1 /* Products */ = {
			isa = PBXGroup;
			children = (
				CEC33A9F2AA8B85300D49CC1 /* CB4UNativeApp.app */,
			);
			name = Products;
			sourceTree = "<group>";
		};
		CEC33AA12AA8B85300D49CC1 /* CB4UNativeApp */ = {
			isa = PBXGroup;
			children = (
				CEC33AA22AA8B85300D49CC1 /* CB4UNativeAppApp.swift */,
				CEC33AA42AA8B85300D49CC1 /* ContentView.swift */,
				CEC33AA62AA8B85400D49CC1 /* Assets.xcassets */,
				CEC33AA82AA8B85400D49CC1 /* Preview Content */,
				CEACF0A72AB33A6E00DAE05A /* BLEPeripheralView.swift */,
				CEACF0A92AB33B6100DAE05A /* BLEPeripheral.swift */,
			);
			path = CB4UNativeApp;
			sourceTree = "<group>";
		};
		CEC33AA82AA8B85400D49CC1 /* Preview Content */ = {
			isa = PBXGroup;
			children = (
				CEC33AA92AA8B85400D49CC1 /* Preview Assets.xcassets */,
			);
			path = "Preview Content";
			sourceTree = "<group>";
		};
		CED9AC7C2AA8B96800755CF9 /* Frameworks */ = {
			isa = PBXGroup;
			children = (
			);
			name = Frameworks;
			sourceTree = "<group>";
		};
/* End PBXGroup section */

/* Begin PBXNativeTarget section */
		CEC33A9E2AA8B85300D49CC1 /* CB4UNativeApp */ = {
			isa = PBXNativeTarget;
			buildConfigurationList = CEC33AAD2AA8B85400D49CC1 /* Build configuration list for PBXNativeTarget "CB4UNativeApp" */;
			buildPhases = (
				CEC33A9B2AA8B85300D49CC1 /* Sources */,
				CEC33A9C2AA8B85300D49CC1 /* Frameworks */,
				CEC33A9D2AA8B85300D49CC1 /* Resources */,
			);
			buildRules = (
			);
			dependencies = (
			);
			name = CB4UNativeApp;
			packageProductDependencies = (
				CED9AC7D2AA8B96800755CF9 /* CoreBluetoothForUnity */,
			);
			productName = CB4UNativeApp;
			productReference = CEC33A9F2AA8B85300D49CC1 /* CB4UNativeApp.app */;
			productType = "com.apple.product-type.application";
		};
/* End PBXNativeTarget section */

/* Begin PBXProject section */
		CEC33A972AA8B85300D49CC1 /* Project object */ = {
			isa = PBXProject;
			attributes = {
				BuildIndependentTargetsInParallel = 1;
				LastSwiftUpdateCheck = 1430;
				LastUpgradeCheck = 1430;
				TargetAttributes = {
					CEC33A9E2AA8B85300D49CC1 = {
						CreatedOnToolsVersion = 14.3;
					};
				};
			};
			buildConfigurationList = CEC33A9A2AA8B85300D49CC1 /* Build configuration list for PBXProject "CB4UNativeApp" */;
			compatibilityVersion = "Xcode 14.0";
			developmentRegion = en;
			hasScannedForEncodings = 0;
			knownRegions = (
				en,
				Base,
			);
			mainGroup = CEC33A962AA8B85300D49CC1;
			productRefGroup = CEC33AA02AA8B85300D49CC1 /* Products */;
			projectDirPath = "";
			projectRoot = "";
			targets = (
				CEC33A9E2AA8B85300D49CC1 /* CB4UNativeApp */,
			);
		};
/* End PBXProject section */

/* Begin PBXResourcesBuildPhase section */
		CEC33A9D2AA8B85300D49CC1 /* Resources */ = {
			isa = PBXResourcesBuildPhase;
			buildActionMask = 2147483647;
			files = (
				CEC33AAA2AA8B85400D49CC1 /* Preview Assets.xcassets in Resources */,
				CEC33AA72AA8B85400D49CC1 /* Assets.xcassets in Resources */,
			);
			runOnlyForDeploymentPostprocessing = 0;
		};
/* End PBXResourcesBuildPhase section */

/* Begin PBXSourcesBuildPhase section */
		CEC33A9B2AA8B85300D49CC1 /* Sources */ = {
			isa = PBXSourcesBuildPhase;
			buildActionMask = 2147483647;
			files = (
				CEC33AA52AA8B85300D49CC1 /* ContentView.swift in Sources */,
				CEACF0AA2AB33B6100DAE05A /* BLEPeripheral.swift in Sources */,
				CEC33AA32AA8B85300D49CC1 /* CB4UNativeAppApp.swift in Sources */,
				CEACF0A82AB33A6E00DAE05A /* BLEPeripheralView.swift in Sources */,
			);
			runOnlyForDeploymentPostprocessing = 0;
		};
/* End PBXSourcesBuildPhase section */

/* Begin XCBuildConfiguration section */
		CEC33AAB2AA8B85400D49CC1 /* Debug */ = {
			isa = XCBuildConfiguration;
			buildSettings = {
				ALWAYS_SEARCH_USER_PATHS = NO;
				CLANG_ANALYZER_NONNULL = YES;
				CLANG_ANALYZER_NUMBER_OBJECT_CONVERSION = YES_AGGRESSIVE;
				CLANG_CXX_LANGUAGE_STANDARD = "gnu++20";
				CLANG_ENABLE_MODULES = YES;
				CLANG_ENABLE_OBJC_ARC = YES;
				CLANG_ENABLE_OBJC_WEAK = YES;
				CLANG_WARN_BLOCK_CAPTURE_AUTORELEASING = YES;
				CLANG_WARN_BOOL_CONVERSION = YES;
				CLANG_WARN_COMMA = YES;
				CLANG_WARN_CONSTANT_CONVERSION = YES;
				CLANG_WARN_DEPRECATED_OBJC_IMPLEMENTATIONS = YES;
				CLANG_WARN_DIRECT_OBJC_ISA_USAGE = YES_ERROR;
				CLANG_WARN_DOCUMENTATION_COMMENTS = YES;
				CLANG_WARN_EMPTY_BODY = YES;
				CLANG_WARN_ENUM_CONVERSION = YES;
				CLANG_WARN_INFINITE_RECURSION = YES;
				CLANG_WARN_INT_CONVERSION = YES;
				CLANG_WARN_NON_LITERAL_NULL_CONVERSION = YES;
				CLANG_WARN_OBJC_IMPLICIT_RETAIN_SELF = YES;
				CLANG_WARN_OBJC_LITERAL_CONVERSION = YES;
				CLANG_WARN_OBJC_ROOT_CLASS = YES_ERROR;
				CLANG_WARN_QUOTED_INCLUDE_IN_FRAMEWORK_HEADER = YES;
				CLANG_WARN_RANGE_LOOP_ANALYSIS = YES;
				CLANG_WARN_STRICT_PROTOTYPES = YES;
				CLANG_WARN_SUSPICIOUS_MOVE = YES;
				CLANG_WARN_UNGUARDED_AVAILABILITY = YES_AGGRESSIVE;
				CLANG_WARN_UNREACHABLE_CODE = YES;
				CLANG_WARN__DUPLICATE_METHOD_MATCH = YES;
				COPY_PHASE_STRIP = NO;
				DEBUG_INFORMATION_FORMAT = dwarf;
				ENABLE_STRICT_OBJC_MSGSEND = YES;
				ENABLE_TESTABILITY = YES;
				GCC_C_LANGUAGE_STANDARD = gnu11;
				GCC_DYNAMIC_NO_PIC = NO;
				GCC_NO_COMMON_BLOCKS = YES;
				GCC_OPTIMIZATION_LEVEL = 0;
				GCC_PREPROCESSOR_DEFINITIONS = (
					"DEBUG=1",
					"$(inherited)",
				);
				GCC_WARN_64_TO_32_BIT_CONVERSION = YES;
				GCC_WARN_ABOUT_RETURN_TYPE = YES_ERROR;
				GCC_WARN_UNDECLARED_SELECTOR = YES;
				GCC_WARN_UNINITIALIZED_AUTOS = YES_AGGRESSIVE;
				GCC_WARN_UNUSED_FUNCTION = YES;
				GCC_WARN_UNUSED_VARIABLE = YES;
				IPHONEOS_DEPLOYMENT_TARGET = 16.4;
				MTL_ENABLE_DEBUG_INFO = INCLUDE_SOURCE;
				MTL_FAST_MATH = YES;
				ONLY_ACTIVE_ARCH = YES;
				SDKROOT = iphoneos;
				SWIFT_ACTIVE_COMPILATION_CONDITIONS = DEBUG;
				SWIFT_OPTIMIZATION_LEVEL = "-Onone";
			};
			name = Debug;
		};
		CEC33AAC2AA8B85400D49CC1 /* Release */ = {
			isa = XCBuildConfiguration;
			buildSettings = {
				ALWAYS_SEARCH_USER_PATHS = NO;
				CLANG_ANALYZER_NONNULL = YES;
				CLANG_ANALYZER_NUMBER_OBJECT_CONVERSION = YES_AGGRESSIVE;
				CLANG_CXX_LANGUAGE_STANDARD = "gnu++20";
				CLANG_ENABLE_MODULES = YES;
				CLANG_ENABLE_OBJC_ARC = YES;
				CLANG_ENABLE_OBJC_WEAK = YES;
				CLANG_WARN_BLOCK_CAPTURE_AUTORELEASING = YES;
				CLANG_WARN_BOOL_CONVERSION = YES;
				CLANG_WARN_COMMA = YES;
				CLANG_WARN_CONSTANT_CONVERSION = YES;
				CLANG_WARN_DEPRECATED_OBJC_IMPLEMENTATIONS = YES;
				CLANG_WARN_DIRECT_OBJC_ISA_USAGE = YES_ERROR;
				CLANG_WARN_DOCUMENTATION_COMMENTS = YES;
				CLANG_WARN_EMPTY_BODY = YES;
				CLANG_WARN_ENUM_CONVERSION = YES;
				CLANG_WARN_INFINITE_RECURSION = YES;
				CLANG_WARN_INT_CONVERSION = YES;
				CLANG_WARN_NON_LITERAL_NULL_CONVERSION = YES;
				CLANG_WARN_OBJC_IMPLICIT_RETAIN_SELF = YES;
				CLANG_WARN_OBJC_LITERAL_CONVERSION = YES;
				CLANG_WARN_OBJC_ROOT_CLASS = YES_ERROR;
				CLANG_WARN_QUOTED_INCLUDE_IN_FRAMEWORK_HEADER = YES;
				CLANG_WARN_RANGE_LOOP_ANALYSIS = YES;
				CLANG_WARN_STRICT_PROTOTYPES = YES;
				CLANG_WARN_SUSPICIOUS_MOVE = YES;
				CLANG_WARN_UNGUARDED_AVAILABILITY = YES_AGGRESSIVE;
				CLANG_WARN_UNREACHABLE_CODE = YES;
				CLANG_WARN__DUPLICATE_METHOD_MATCH = YES;
				COPY_PHASE_STRIP = NO;
				DEBUG_INFORMATION_FORMAT = "dwarf-with-dsym";
				ENABLE_NS_ASSERTIONS = NO;
				ENABLE_STRICT_OBJC_MSGSEND = YES;
				GCC_C_LANGUAGE_STANDARD = gnu11;
				GCC_NO_COMMON_BLOCKS = YES;
				GCC_WARN_64_TO_32_BIT_CONVERSION = YES;
				GCC_WARN_ABOUT_RETURN_TYPE = YES_ERROR;
				GCC_WARN_UNDECLARED_SELECTOR = YES;
				GCC_WARN_UNINITIALIZED_AUTOS = YES_AGGRESSIVE;
				GCC_WARN_UNUSED_FUNCTION = YES;
				GCC_WARN_UNUSED_VARIABLE = YES;
				IPHONEOS_DEPLOYMENT_TARGET = 16.4;
				MTL_ENABLE_DEBUG_INFO = NO;
				MTL_FAST_MATH = YES;
				SDKROOT = iphoneos;
				SWIFT_COMPILATION_MODE = wholemodule;
				SWIFT_OPTIMIZATION_LEVEL = "-O";
				VALIDATE_PRODUCT = YES;
			};
			name = Release;
		};
		CEC33AAE2AA8B85400D49CC1 /* Debug */ = {
			isa = XCBuildConfiguration;
			buildSettings = {
				ASSETCATALOG_COMPILER_APPICON_NAME = AppIcon;
				ASSETCATALOG_COMPILER_GLOBAL_ACCENT_COLOR_NAME = AccentColor;
				CODE_SIGN_STYLE = Automatic;
				CURRENT_PROJECT_VERSION = 1;
				DEVELOPMENT_ASSET_PATHS = "\"CB4UNativeApp/Preview Content\"";
				DEVELOPMENT_TEAM = 8KC4L2BAV2;
				ENABLE_PREVIEWS = YES;
				GENERATE_INFOPLIST_FILE = YES;
				INFOPLIST_KEY_NSBluetoothAlwaysUsageDescription = "use Bluetooth";
				INFOPLIST_KEY_UIApplicationSceneManifest_Generation = YES;
				INFOPLIST_KEY_UIApplicationSupportsIndirectInputEvents = YES;
				INFOPLIST_KEY_UILaunchScreen_Generation = YES;
				INFOPLIST_KEY_UISupportedInterfaceOrientations_iPad = "UIInterfaceOrientationPortrait UIInterfaceOrientationPortraitUpsideDown UIInterfaceOrientationLandscapeLeft UIInterfaceOrientationLandscapeRight";
				INFOPLIST_KEY_UISupportedInterfaceOrientations_iPhone = "UIInterfaceOrientationPortrait UIInterfaceOrientationLandscapeLeft UIInterfaceOrientationLandscapeRight";
				LD_RUNPATH_SEARCH_PATHS = (
					"$(inherited)",
					"@executable_path/Frameworks",
				);
				MARKETING_VERSION = 1.0;
				PRODUCT_BUNDLE_IDENTIFIER = com.teach310.CB4UNativeApp;
				PRODUCT_NAME = "$(TARGET_NAME)";
				SWIFT_EMIT_LOC_STRINGS = YES;
				SWIFT_VERSION = 5.0;
				TARGETED_DEVICE_FAMILY = "1,2";
			};
			name = Debug;
		};
		CEC33AAF2AA8B85400D49CC1 /* Release */ = {
			isa = XCBuildConfiguration;
			buildSettings = {
				ASSETCATALOG_COMPILER_APPICON_NAME = AppIcon;
				ASSETCATALOG_COMPILER_GLOBAL_ACCENT_COLOR_NAME = AccentColor;
				CODE_SIGN_STYLE = Automatic;
				CURRENT_PROJECT_VERSION = 1;
				DEVELOPMENT_ASSET_PATHS = "\"CB4UNativeApp/Preview Content\"";
				DEVELOPMENT_TEAM = 8KC4L2BAV2;
				ENABLE_PREVIEWS = YES;
				GENERATE_INFOPLIST_FILE = YES;
				INFOPLIST_KEY_NSBluetoothAlwaysUsageDescription = "use Bluetooth";
				INFOPLIST_KEY_UIApplicationSceneManifest_Generation = YES;
				INFOPLIST_KEY_UIApplicationSupportsIndirectInputEvents = YES;
				INFOPLIST_KEY_UILaunchScreen_Generation = YES;
				INFOPLIST_KEY_UISupportedInterfaceOrientations_iPad = "UIInterfaceOrientationPortrait UIInterfaceOrientationPortraitUpsideDown UIInterfaceOrientationLandscapeLeft UIInterfaceOrientationLandscapeRight";
				INFOPLIST_KEY_UISupportedInterfaceOrientations_iPhone = "UIInterfaceOrientationPortrait UIInterfaceOrientationLandscapeLeft UIInterfaceOrientationLandscapeRight";
				LD_RUNPATH_SEARCH_PATHS = (
					"$(inherited)",
					"@executable_path/Frameworks",
				);
				MARKETING_VERSION = 1.0;
				PRODUCT_BUNDLE_IDENTIFIER = com.teach310.CB4UNativeApp;
				PRODUCT_NAME = "$(TARGET_NAME)";
				SWIFT_EMIT_LOC_STRINGS = YES;
				SWIFT_VERSION = 5.0;
				TARGETED_DEVICE_FAMILY = "1,2";
			};
			name = Release;
		};
/* End XCBuildConfiguration section */

/* Begin XCConfigurationList section */
		CEC33A9A2AA8B85300D49CC1 /* Build configuration list for PBXProject "CB4UNativeApp" */ = {
			isa = XCConfigurationList;
			buildConfigurations = (
				CEC33AAB2AA8B85400D49CC1 /* Debug */,
				CEC33AAC2AA8B85400D49CC1 /* Release */,
			);
			defaultConfigurationIsVisible = 0;
			defaultConfigurationName = Release;
		};
		CEC33AAD2AA8B85400D49CC1 /* Build configuration list for PBXNativeTarget "CB4UNativeApp" */ = {
			isa = XCConfigurationList;
			buildConfigurations = (
				CEC33AAE2AA8B85400D49CC1 /* Debug */,
				CEC33AAF2AA8B85400D49CC1 /* Release */,
			);
			defaultConfigurationIsVisible = 0;
			defaultConfigurationName = Release;
		};
/* End XCConfigurationList section */

/* Begin XCSwiftPackageProductDependency section */
		CED9AC7D2AA8B96800755CF9 /* CoreBluetoothForUnity */ = {
			isa = XCSwiftPackageProductDependency;
			productName = CoreBluetoothForUnity;
		};
/* End XCSwiftPackageProductDependency section */
	};
	rootObject = CEC33A972AA8B85300D49CC1 /* Project object */;
}
